
Microsoft Visual Studio Solution File, Format Version 12.00
# Visual Studio Version 16
VisualStudioVersion = 16.0.30611.23
MinimumVisualStudioVersion = 10.0.40219.1
Project("{FAE04EC0-301F-11D3-BF4B-00C04F79EFBC}") = "Driving_School_Management_System", "Driving_School_Management_System\Driving_School_Management_System.csproj", "{A6450D30-8120-4B00-A4C5-EC7F62ED8517}"
EndProject
Global
	GlobalSection(SolutionConfigurationPlatforms) = preSolution
		Debug|Any CPU = Debug|Any CPU
		Release|Any CPU = Release|Any CPU
	EndGlobalSection
	GlobalSection(ProjectConfigurationPlatforms) = postSolution
		{A6450D30-8120-4B00-A4C5-EC7F62ED8517}.Debug|Any CPU.ActiveCfg = Debug|Any CPU
		{A6450D30-8120-4B00-A4C5-EC7F62ED8517}.Debug|Any CPU.Build.0 = Debug|Any CPU
		{A6450D30-8120-4B00-A4C5-EC7F62ED8517}.Release|Any CPU.ActiveCfg = Release|Any CPU
		{A6450D30-8120-4B00-A4C5-EC7F62ED8517}.Release|Any CPU.Build.0 = Release|Any CPU
	EndGlobalSection
	GlobalSection(SolutionProperties) = preSolution
		HideSolutionNode = FALSE
	EndGlobalSection
	GlobalSection(ExtensibilityGlobals) = postSolution
		SolutionGuid = {BF4D3620-CFF3-46B9-AE28-7646E8465FEF}
	EndGlobalSection
EndGlobal
